{
  "name": "useradministrator",
  "version": "1.0.0",
  "lockfileVersion": 1,
  "requires": true,
  "dependencies": {
    "axios": {
      "version": "0.21.1",
      "resolved": "https://registry.npmjs.org/axios/-/axios-0.21.1.tgz",
      "integrity": "sha512-dKQiRHxGD9PPRIUNIWvZhPTPpl1rf/OxTYKsqKUDjBwYylTvV7SjSHJb9ratfyzM6wCdLCOYLzs73qpg5c4iGA==",
      "requires": {
        "follow-redirects": "^1.10.0"
      }
    },
    "babel-core": {
      "version": "6.26.3",
      "resolved": "https://registry.npmjs.org/babel-core/-/babel-core-6.26.3.tgz",
      "integrity": "sha512-6jyFLuDmeidKmUEb3NM+/yawG0M2bDZ9Z1qbZP59cyHLz8kYGKYwpJP0UwUKKUiTRNvxfLesJnTedqczP7cTDA==",
      "dev": true
    },
    "babel-loader": {
      "version": "7.1.5",
      "resolved": "https://registry.npmjs.org/babel-loader/-/babel-loader-7.1.5.tgz",
      "integrity": "sha512-iCHfbieL5d1LfOQeeVJEUyD9rTwBcP/fcEbRCfempxTDuqrKpu0AZjLAQHEQa3Yqyj9ORKe2iHfoj4rHLf7xpw==",
      "dev": true
    },
    "babel-preset-env": {
      "version": "1.7.0",
      "resolved": "https://registry.npmjs.org/babel-preset-env/-/babel-preset-env-1.7.0.tgz",
      "integrity": "sha512-9OR2afuKDneX2/q2EurSftUYM0xGu4O2D9adAhVfADDhrYDaxXV0rBbevVYoY9n6nyX1PmQW/0jtpJvUNr9CHg==",
      "dev": true
    },
    "babel-preset-stage-3": {
      "version": "6.24.1",
      "resolved": "https://registry.npmjs.org/babel-preset-stage-3/-/babel-preset-stage-3-6.24.1.tgz",
      "integrity": "sha1-g2raCp56f6N8sTj7kyb4eTSkg5U=",
      "dev": true
    },
    "cors": {
      "version": "2.8.5",
      "resolved": "https://registry.npmjs.org/cors/-/cors-2.8.5.tgz",
      "integrity": "sha512-KIHbLJqu73RGr/hnbrO9uBeixNGuvSQjul/jdFvS/KFSIH1hWVd1ng7zOHx+YrEfInLG7q4n6GHQ9cDtxv/P6g=="
    },
    "cross-env": {
      "version": "5.2.1",
      "resolved": "https://registry.npmjs.org/cross-env/-/cross-env-5.2.1.tgz",
      "integrity": "sha512-1yHhtcfAd1r4nwQgknowuUNfIT9E8dOMMspC36g45dN+iD1blloi7xp8X/xAIDnjHWyt1uQ8PHk2fkNaym7soQ==",
      "dev": true
    },
    "css-loader": {
      "version": "0.28.11",
      "resolved": "https://registry.npmjs.org/css-loader/-/css-loader-0.28.11.tgz",
      "integrity": "sha512-wovHgjAx8ZIMGSL8pTys7edA1ClmzxHeY6n/d97gg5odgsxEgKjULPR0viqyC+FWMCL9sfqoC/QCUBo62tLvPg==",
      "dev": true
    },
    "file-loader": {
      "version": "1.1.11",
      "resolved": "https://registry.npmjs.org/file-loader/-/file-loader-1.1.11.tgz",
      "integrity": "sha512-TGR4HU7HUsGg6GCOPJnFk06RhWgEWFLAGWiT6rcD+GRC2keU3s9RGJ+b3Z6/U73jwwNb2gKLJ7YCrp+jvU4ALg==",
      "dev": true
    },
    "follow-redirects": {
      "version": "1.12.1",
      "resolved": "https://registry.npmjs.org/follow-redirects/-/follow-redirects-1.12.1.tgz",
      "integrity": "sha512-tmRv0AVuR7ZyouUHLeNSiO6pqulF7dYa3s19c6t+wz9LD69/uSzdMxJ2S91nTI9U3rt/IldxpzMOFejp6f0hjg=="
    },
    "vue": {
      "version": "2.6.11",
      "resolved": "https://registry.npmjs.org/vue/-/vue-2.6.11.tgz",
      "integrity": "sha512-VfPwgcGABbGAue9+sfrD4PuwFar7gPb1yl1UK1MwXoQPAw0BKSqWfoYCT/ThFrdEVWoI51dBuyCoiNU9bZDZxQ=="
    },
    "vue-cookies": {
      "version": "1.7.0",
      "resolved": "https://registry.npmjs.org/vue-cookies/-/vue-cookies-1.7.0.tgz",
      "integrity": "sha512-vuEUm6wYMMrFAHFCrkzIUAy8+MgPAbBGmYXnk2M6X6O2KHbMT1wuDD2izacmsSUp6ZM02e23MJRtPRobl88VMg=="
    },
    "vue-loader": {
      "version": "13.7.3",
      "resolved": "https://registry.npmjs.org/vue-loader/-/vue-loader-13.7.3.tgz",
      "integrity": "sha512-ACCwbfeC6HjY2pnDii+Zer+MZ6sdOtwvLmDXRK/BoD3WNR551V22R6KEagwHoTRJ0ZlIhpCBkptpCU6+Ri/05w==",
      "dev": true,
      "dependencies": {
        "ansi-styles": {
          "version": "3.2.1",
          "resolved": "https://registry.npmjs.org/ansi-styles/-/ansi-styles-3.2.1.tgz",
          "integrity": "sha512-VT0ZI6kZRdTh8YyJw3SMbYm/u+NqfsAxEpWO0Pf9sq8/e94WxxOpPKx9FR1FlyCtOVDNOQ+8ntlqFxiRc+r5qA=="
        },
        "chalk": {
          "version": "2.4.2",
          "resolved": "https://registry.npmjs.org/chalk/-/chalk-2.4.2.tgz",
          "integrity": "sha512-Mti+f9lpJNcwF4tWV8/OrTTtF1gZi+f8FqlyAdouralcFWFQWF2+NgCHShjkCb+IFBLq9buZwE1xckQU4peSuQ=="
        },
        "has-flag": {
          "version": "3.0.0",
          "resolved": "https://registry.npmjs.org/has-flag/-/has-flag-3.0.0.tgz",
          "integrity": "sha1-tdRU3CGZriJWmfNGfloH87lVuv0="
        },
        "postcss": {
          "version": "6.0.23",
          "resolved": "https://registry.npmjs.org/postcss/-/postcss-6.0.23.tgz",
          "integrity": "sha512-soOk1h6J3VMTZtVeVpv15/Hpdl2cBLX3CAw4TAbkpTJiNPk9YP/zWcD1ND+xEtvyuuvKzbxliTOIyvkSeSJ6ag=="
        },
        "source-map": {
          "version": "0.6.1",
          "resolved": "https://registry.npmjs.org/source-map/-/source-map-0.6.1.tgz",
          "integrity": "sha512-UjgapumWlbMhkBgzT7Ykc5YXUT46F0iKu8SGXq0bcwP5dz/h0Plj6enJqjz1Zbq2l5WaqYnrVbwWOWMyF3F47g=="
        },
        "supports-color": {
          "version": "5.5.0",
          "resolved": "https://registry.npmjs.org/supports-color/-/supports-color-5.5.0.tgz",
          "integrity": "sha512-QjVjwdXIt408MIiAqCX4oUKsgU2EqAGzs2Ppkm4aQYbjm+ZEWEcW4SfFNTr4uMNZma0ey4f5lgLrkB0aX0QMow=="
        }
      }
    },
    "vue-router": {
      "version": "3.3.4",
      "resolved": "https://registry.npmjs.org/vue-router/-/vue-router-3.3.4.tgz",
      "integrity": "sha512-SdKRBeoXUjaZ9R/8AyxsdTqkOfMcI5tWxPZOUX5Ie1BTL5rPSZ0O++pbiZCeYeythiZIdLEfkDiQPKIaWk5hDg=="
    },
    "vue-template-compiler": {
      "version": "2.6.11",
      "resolved": "https://registry.npmjs.org/vue-template-compiler/-/vue-template-compiler-2.6.11.tgz",
      "integrity": "sha512-KIq15bvQDrcCjpGjrAhx4mUlyyHfdmTaoNfeoATHLAiWB+MU3cx4lOzMwrnUh9cCxy0Lt1T11hAFY6TQgroUAA==",
      "dev": true
    },
    "webpack": {
      "version": "3.12.0",
      "resolved": "https://registry.npmjs.org/webpack/-/webpack-3.12.0.tgz",
      "integrity": "sha512-Sw7MdIIOv/nkzPzee4o0EdvCuPmxT98+vVpIvwtcwcF1Q4SDSNp92vwcKc4REe7NItH9f1S4ra9FuQ7yuYZ8bQ==",
      "dev": true,
      "dependencies": {
        "has-flag": {
          "version": "2.0.0",
          "resolved": "https://registry.npmjs.org/has-flag/-/has-flag-2.0.0.tgz",
          "integrity": "sha1-6CB68cx7MNRGzHC3NLXovhj4jVE="
        },
        "supports-color": {
          "version": "4.5.0",
          "resolved": "https://registry.npmjs.org/supports-color/-/supports-color-4.5.0.tgz",
          "integrity": "sha1-vnoN5ITexcXN34s9WRJQRJEvY1s="
        }
      }
    },
    "webpack-dev-server": {
      "version": "2.11.5",
      "resolved": "https://registry.npmjs.org/webpack-dev-server/-/webpack-dev-server-2.11.5.tgz",
      "integrity": "sha512-7TdOKKt7G3sWEhPKV0zP+nD0c4V9YKUJ3wDdBwQsZNo58oZIRoVIu66pg7PYkBW8A74msP9C2kLwmxGHndz/pw==",
      "dev": true,
      "dependencies": {
        "anymatch": {
          "version": "2.0.0",
          "resolved": "https://registry.npmjs.org/anymatch/-/anymatch-2.0.0.tgz",
          "integrity": "sha512-5teOsQWABXHHBFP9y3skS5P3d/WfWXpv3FUpy+LorMrNYaT9pI4oLMQX7jzQ2KklNpGpWHzdCXTDT2Y3XGlZBw==",
          "dependencies": {
            "normalize-path": {
              "version": "2.1.1",
              "resolved": "https://registry.npmjs.org/normalize-path/-/normalize-path-2.1.1.tgz",
              "integrity": "sha1-GrKLVW4Zg2Oowab35vogE3/mrtk="
            }
          }
        },
        "binary-extensions": {
          "version": "1.13.1",
          "resolved": "https://registry.npmjs.org/binary-extensions/-/binary-extensions-1.13.1.tgz",
          "integrity": "sha512-Un7MIEDdUC5gNpcGDV97op1Ywk748MpHcFTHoYs6qnj1Z3j7I53VG3nwZhKzoBZmbdRNnb6WRdFlwl7tSDuZGw=="
        },
        "braces": {
          "version": "2.3.2",
          "resolved": "https://registry.npmjs.org/braces/-/braces-2.3.2.tgz",
          "integrity": "sha512-aNdbnj9P8PjdXU4ybaWLK2IF3jc/EoDYbC7AazW6to3TRsfXxscC9UXOB5iDiEQrkyIbWp2SLQda4+QAa7nc3w=="
        },
        "camelcase": {
          "version": "3.0.0",
          "resolved": "https://registry.npmjs.org/camelcase/-/camelcase-3.0.0.tgz",
          "integrity": "sha1-MvxLn82vhF/N9+c7uXysImHwqwo="
        },
        "chokidar": {
          "version": "2.1.8",
          "resolved": "https://registry.npmjs.org/chokidar/-/chokidar-2.1.8.tgz",
          "integrity": "sha512-ZmZUazfOzf0Nve7duiCKD23PFSCs4JPoYyccjUFF3aQkQadqBhfzhjkwBH2mNOG9cTBwhamM37EIsIkZw3nRgg=="
        },
        "cliui": {
          "version": "3.2.0",
          "resolved": "https://registry.npmjs.org/cliui/-/cliui-3.2.0.tgz",
          "integrity": "sha1-EgYBU3qRbSmUD5NNo7SNWFo5IT0="
        },
        "debug": {
          "version": "3.2.6",
          "resolved": "https://registry.npmjs.org/debug/-/debug-3.2.6.tgz",
          "integrity": "sha512-mel+jf7nrtEl5Pn1Qx46zARXKDpBbvzezse7p7LqINmdoIk8PYP5SySaxEmYv6TZ0JyEKA1hsCId6DIhgITtWQ=="
        },
        "extend-shallow": {
          "version": "2.0.1",
          "resolved": "https://registry.npmjs.org/extend-shallow/-/extend-shallow-2.0.1.tgz",
          "integrity": "sha1-Ua99YUrZqfYQ6huvu5idaxxWiQ8="
        },
        "fill-range": {
          "version": "4.0.0",
          "resolved": "https://registry.npmjs.org/fill-range/-/fill-range-4.0.0.tgz",
          "integrity": "sha1-1USBHUKPmOsGpj3EAtJAPDKMOPc="
        },
        "find-up": {
          "version": "1.1.2",
          "resolved": "https://registry.npmjs.org/find-up/-/find-up-1.1.2.tgz",
          "integrity": "sha1-ay6YIrGizgpgq2TWEOzK1TyyTQ8="
        },
        "glob-parent": {
          "version": "3.1.0",
          "resolved": "https://registry.npmjs.org/glob-parent/-/glob-parent-3.1.0.tgz",
          "integrity": "sha1-nmr2KZ2NO9K9QEMIMr0RPfkGxa4=",
          "dependencies": {
            "is-glob": {
              "version": "3.1.0",
              "resolved": "https://registry.npmjs.org/is-glob/-/is-glob-3.1.0.tgz",
              "integrity": "sha1-e6WuJCF4BKxwcHuWkiVnSGzD6Eo="
            }
          }
        },
        "has-flag": {
          "version": "3.0.0",
          "resolved": "https://registry.npmjs.org/has-flag/-/has-flag-3.0.0.tgz",
          "integrity": "sha1-tdRU3CGZriJWmfNGfloH87lVuv0="
        },
        "is-binary-path": {
          "version": "1.0.1",
          "resolved": "https://registry.npmjs.org/is-binary-path/-/is-binary-path-1.0.1.tgz",
          "integrity": "sha1-dfFmQrSA8YenEcgUFh/TpKdlWJg="
        },
        "is-number": {
          "version": "3.0.0",
          "resolved": "https://registry.npmjs.org/is-number/-/is-number-3.0.0.tgz",
          "integrity": "sha1-JP1iAaR4LPUFYcgQJ2r8fRLXEZU="
        },
        "load-json-file": {
          "version": "1.1.0",
          "resolved": "https://registry.npmjs.org/load-json-file/-/load-json-file-1.1.0.tgz",
          "integrity": "sha1-lWkFcI1YtLq0wiYbBPWfMcmTdMA="
        },
        "ms": {
          "version": "2.1.2",
          "resolved": "https://registry.npmjs.org/ms/-/ms-2.1.2.tgz",
          "integrity": "sha512-sGkPx+VjMtmA6MX27oA4FBFELFCZZ4S4XqeGOXCv68tT+jb3vk/RyaKWP0PTKyWtmLSM0b+adUTEvbs1PEaH2w=="
        },
        "os-locale": {
          "version": "1.4.0",
          "resolved": "https://registry.npmjs.org/os-locale/-/os-locale-1.4.0.tgz",
          "integrity": "sha1-IPnxeuKe00XoveWDsT0gCYA8FNk="
        },
        "path-exists": {
          "version": "2.1.0",
          "resolved": "https://registry.npmjs.org/path-exists/-/path-exists-2.1.0.tgz",
          "integrity": "sha1-D+tsZPD8UY2adU3V77YscCJ2H0s="
        },
        "path-type": {
          "version": "1.1.0",
          "resolved": "https://registry.npmjs.org/path-type/-/path-type-1.1.0.tgz",
          "integrity": "sha1-WcRPfuSR2nBNpBXaWkBwuk+P5EE="
        },
        "pify": {
          "version": "2.3.0",
          "resolved": "https://registry.npmjs.org/pify/-/pify-2.3.0.tgz",
          "integrity": "sha1-7RQaasBDqEnqWISY59yosVMw6Qw="
        },
        "read-pkg": {
          "version": "1.1.0",
          "resolved": "https://registry.npmjs.org/read-pkg/-/read-pkg-1.1.0.tgz",
          "integrity": "sha1-9f+qXs0pyzHAR0vKfXVra7KePyg="
        },
        "read-pkg-up": {
          "version": "1.0.1",
          "resolved": "https://registry.npmjs.org/read-pkg-up/-/read-pkg-up-1.0.1.tgz",
          "integrity": "sha1-nWPBMnbAZZGNV/ACpX9AobZD+wI="
        },
        "readdirp": {
          "version": "2.2.1",
          "resolved": "https://registry.npmjs.org/readdirp/-/readdirp-2.2.1.tgz",
          "integrity": "sha512-1JU/8q+VgFZyxwrJ+SVIOsh+KywWGpds3NTqikiKpDMZWScmAYyKIgqkO+ARvNWJfXeXR1zxz7aHF4u4CyH6vQ=="
        },
        "string-width": {
          "version": "1.0.2",
          "resolved": "https://registry.npmjs.org/string-width/-/string-width-1.0.2.tgz",
          "integrity": "sha1-EYvfW4zcUaKn5w0hHgfisLmxB9M="
        },
        "strip-bom": {
          "version": "2.0.0",
          "resolved": "https://registry.npmjs.org/strip-bom/-/strip-bom-2.0.0.tgz",
          "integrity": "sha1-YhmoVhZSBJHzV4i9vxRHqZx+aw4="
        },
        "supports-color": {
          "version": "5.5.0",
          "resolved": "https://registry.npmjs.org/supports-color/-/supports-color-5.5.0.tgz",
          "integrity": "sha512-QjVjwdXIt408MIiAqCX4oUKsgU2EqAGzs2Ppkm4aQYbjm+ZEWEcW4SfFNTr4uMNZma0ey4f5lgLrkB0aX0QMow=="
        },
        "to-regex-range": {
          "version": "2.1.1",
          "resolved": "https://registry.npmjs.org/to-regex-range/-/to-regex-range-2.1.1.tgz",
          "integrity": "sha1-fIDBe53+vlmeJzZ+DU3VWQFB2zg="
        },
        "which-module": {
          "version": "1.0.0",
          "resolved": "https://registry.npmjs.org/which-module/-/which-module-1.0.0.tgz",
          "integrity": "sha1-u6Y8qGGUiZT/MHc2CJ47lgJsKk8="
        },
        "yargs": {
          "version": "6.6.0",
          "resolved": "https://registry.npmjs.org/yargs/-/yargs-6.6.0.tgz",
          "integrity": "sha1-eC7CHvQDNF+DCoCMo9UTr1YGUgg="
        },
        "yargs-parser": {
          "version": "4.2.1",
          "resolved": "https://registry.npmjs.org/yargs-parser/-/yargs-parser-4.2.1.tgz",
          "integrity": "sha1-KczqwNxPA8bIe0qfIX3RjJ90hxw="
        }
      }
    }
  }
}
